
Microsoft Visual Studio Solution File, Format Version 12.00
Project("{2150E333-8FDC-42A3-9474-1A3956D46DE8}") = "src", "src", "{425C55B5-94B0-4315-BD8F-9C39FB38C80E}"
EndProject
Project("{2150E333-8FDC-42A3-9474-1A3956D46DE8}") = "Core", "Core", "{A6BC33F5-61B4-41A6-A2C0-F1627ACA1605}"
EndProject
Project("{2150E333-8FDC-42A3-9474-1A3956D46DE8}") = "Infrastructure", "Infrastructure", "{C84B0E89-DD63-433A-917D-C2782966C282}"
EndProject
Project("{2150E333-8FDC-42A3-9474-1A3956D46DE8}") = "Presentation", "Presentation", "{45F8EBCF-BEB7-4B39-B334-0F18BA69EC49}"
EndProject
Project("{FAE04EC0-301F-11D3-BF4B-00C04F79EFBC}") = "StockPilot.Domain", "src\Core\StockPilot.Domain\StockPilot.Domain.csproj", "{AB83439C-D66F-4779-80C9-4654445740E9}"
EndProject
Project("{FAE04EC0-301F-11D3-BF4B-00C04F79EFBC}") = "StockPilot.Application", "src\Core\StockPilot.Application\StockPilot.Application.csproj", "{6EE97B60-C20C-4D9A-BEF9-075C4B4F2677}"
EndProject
Project("{FAE04EC0-301F-11D3-BF4B-00C04F79EFBC}") = "StockPilot.Persistence", "src\Infrastructure\StockPilot.Persistence\StockPilot.Persistence.csproj", "{22369A1F-0D0C-42B8-B6B9-EA778CEA1EBC}"
EndProject
Project("{FAE04EC0-301F-11D3-BF4B-00C04F79EFBC}") = "StockPilot.API", "src\Presentation\StockPilot.API\StockPilot.API.csproj", "{45B8CCEE-1A7A-487D-8453-066F1F8AC5CB}"
EndProject
Global
	GlobalSection(SolutionConfigurationPlatforms) = preSolution
		Debug|Any CPU = Debug|Any CPU
		Release|Any CPU = Release|Any CPU
	EndGlobalSection
	GlobalSection(NestedProjects) = preSolution
		{A6BC33F5-61B4-41A6-A2C0-F1627ACA1605} = {425C55B5-94B0-4315-BD8F-9C39FB38C80E}
		{C84B0E89-DD63-433A-917D-C2782966C282} = {425C55B5-94B0-4315-BD8F-9C39FB38C80E}
		{45F8EBCF-BEB7-4B39-B334-0F18BA69EC49} = {425C55B5-94B0-4315-BD8F-9C39FB38C80E}
		{AB83439C-D66F-4779-80C9-4654445740E9} = {A6BC33F5-61B4-41A6-A2C0-F1627ACA1605}
		{6EE97B60-C20C-4D9A-BEF9-075C4B4F2677} = {A6BC33F5-61B4-41A6-A2C0-F1627ACA1605}
		{22369A1F-0D0C-42B8-B6B9-EA778CEA1EBC} = {C84B0E89-DD63-433A-917D-C2782966C282}
		{45B8CCEE-1A7A-487D-8453-066F1F8AC5CB} = {45F8EBCF-BEB7-4B39-B334-0F18BA69EC49}
	EndGlobalSection
	GlobalSection(ProjectConfigurationPlatforms) = postSolution
		{AB83439C-D66F-4779-80C9-4654445740E9}.Debug|Any CPU.ActiveCfg = Debug|Any CPU
		{AB83439C-D66F-4779-80C9-4654445740E9}.Debug|Any CPU.Build.0 = Debug|Any CPU
		{AB83439C-D66F-4779-80C9-4654445740E9}.Release|Any CPU.ActiveCfg = Release|Any CPU
		{AB83439C-D66F-4779-80C9-4654445740E9}.Release|Any CPU.Build.0 = Release|Any CPU
		{6EE97B60-C20C-4D9A-BEF9-075C4B4F2677}.Debug|Any CPU.ActiveCfg = Debug|Any CPU
		{6EE97B60-C20C-4D9A-BEF9-075C4B4F2677}.Debug|Any CPU.Build.0 = Debug|Any CPU
		{6EE97B60-C20C-4D9A-BEF9-075C4B4F2677}.Release|Any CPU.ActiveCfg = Release|Any CPU
		{6EE97B60-C20C-4D9A-BEF9-075C4B4F2677}.Release|Any CPU.Build.0 = Release|Any CPU
		{22369A1F-0D0C-42B8-B6B9-EA778CEA1EBC}.Debug|Any CPU.ActiveCfg = Debug|Any CPU
		{22369A1F-0D0C-42B8-B6B9-EA778CEA1EBC}.Debug|Any CPU.Build.0 = Debug|Any CPU
		{22369A1F-0D0C-42B8-B6B9-EA778CEA1EBC}.Release|Any CPU.ActiveCfg = Release|Any CPU
		{22369A1F-0D0C-42B8-B6B9-EA778CEA1EBC}.Release|Any CPU.Build.0 = Release|Any CPU
		{45B8CCEE-1A7A-487D-8453-066F1F8AC5CB}.Debug|Any CPU.ActiveCfg = Debug|Any CPU
		{45B8CCEE-1A7A-487D-8453-066F1F8AC5CB}.Debug|Any CPU.Build.0 = Debug|Any CPU
		{45B8CCEE-1A7A-487D-8453-066F1F8AC5CB}.Release|Any CPU.ActiveCfg = Release|Any CPU
		{45B8CCEE-1A7A-487D-8453-066F1F8AC5CB}.Release|Any CPU.Build.0 = Release|Any CPU
	EndGlobalSection
EndGlobal
